
Microsoft Visual Studio Solution File, Format Version 12.00
# Visual Studio Version 17
VisualStudioVersion = 17.6.33815.320
MinimumVisualStudioVersion = 10.0.40219.1
Project("{FAE04EC0-301F-11D3-BF4B-00C04F79EFBC}") = "sahDomaci", "sahDomaci\sahDomaci.csproj", "{91611BC2-F6D8-467F-ADDB-6905F95E6CBD}"
EndProject
Global
	GlobalSection(SolutionConfigurationPlatforms) = preSolution
		Debug|Any CPU = Debug|Any CPU
		Release|Any CPU = Release|Any CPU
	EndGlobalSection
	GlobalSection(ProjectConfigurationPlatforms) = postSolution
		{91611BC2-F6D8-467F-ADDB-6905F95E6CBD}.Debug|Any CPU.ActiveCfg = Debug|Any CPU
		{91611BC2-F6D8-467F-ADDB-6905F95E6CBD}.Debug|Any CPU.Build.0 = Debug|Any CPU
		{91611BC2-F6D8-467F-ADDB-6905F95E6CBD}.Release|Any CPU.ActiveCfg = Release|Any CPU
		{91611BC2-F6D8-467F-ADDB-6905F95E6CBD}.Release|Any CPU.Build.0 = Release|Any CPU
	EndGlobalSection
	GlobalSection(SolutionProperties) = preSolution
		HideSolutionNode = FALSE
	EndGlobalSection
	GlobalSection(ExtensibilityGlobals) = postSolution
		SolutionGuid = {D3EA4C74-B21E-488D-90DC-127237648510}
	EndGlobalSection
EndGlobal
