
Microsoft Visual Studio Solution File, Format Version 12.00
# Visual Studio Version 17
VisualStudioVersion = 17.6.33815.320
MinimumVisualStudioVersion = 10.0.40219.1
Project("{FAE04EC0-301F-11D3-BF4B-00C04F79EFBC}") = "PikacuRok", "PikacuRok\PikacuRok.csproj", "{AFC05C88-19D2-40C1-BEC2-FD6C67B1F0CD}"
EndProject
Global
	GlobalSection(SolutionConfigurationPlatforms) = preSolution
		Debug|Any CPU = Debug|Any CPU
		Release|Any CPU = Release|Any CPU
	EndGlobalSection
	GlobalSection(ProjectConfigurationPlatforms) = postSolution
		{AFC05C88-19D2-40C1-BEC2-FD6C67B1F0CD}.Debug|Any CPU.ActiveCfg = Debug|Any CPU
		{AFC05C88-19D2-40C1-BEC2-FD6C67B1F0CD}.Debug|Any CPU.Build.0 = Debug|Any CPU
		{AFC05C88-19D2-40C1-BEC2-FD6C67B1F0CD}.Release|Any CPU.ActiveCfg = Release|Any CPU
		{AFC05C88-19D2-40C1-BEC2-FD6C67B1F0CD}.Release|Any CPU.Build.0 = Release|Any CPU
	EndGlobalSection
	GlobalSection(SolutionProperties) = preSolution
		HideSolutionNode = FALSE
	EndGlobalSection
	GlobalSection(ExtensibilityGlobals) = postSolution
		SolutionGuid = {9590BD45-A517-44CD-8344-DE20777974BC}
	EndGlobalSection
EndGlobal
