
Microsoft Visual Studio Solution File, Format Version 12.00
# Visual Studio Version 17
VisualStudioVersion = 17.6.33815.320
MinimumVisualStudioVersion = 10.0.40219.1
Project("{FAE04EC0-301F-11D3-BF4B-00C04F79EFBC}") = "Fontovi", "Fontovi\Fontovi.csproj", "{C39F840F-0CDA-46EB-BF93-3BAC083BD60B}"
EndProject
Global
	GlobalSection(SolutionConfigurationPlatforms) = preSolution
		Debug|Any CPU = Debug|Any CPU
		Release|Any CPU = Release|Any CPU
	EndGlobalSection
	GlobalSection(ProjectConfigurationPlatforms) = postSolution
		{C39F840F-0CDA-46EB-BF93-3BAC083BD60B}.Debug|Any CPU.ActiveCfg = Debug|Any CPU
		{C39F840F-0CDA-46EB-BF93-3BAC083BD60B}.Debug|Any CPU.Build.0 = Debug|Any CPU
		{C39F840F-0CDA-46EB-BF93-3BAC083BD60B}.Release|Any CPU.ActiveCfg = Release|Any CPU
		{C39F840F-0CDA-46EB-BF93-3BAC083BD60B}.Release|Any CPU.Build.0 = Release|Any CPU
	EndGlobalSection
	GlobalSection(SolutionProperties) = preSolution
		HideSolutionNode = FALSE
	EndGlobalSection
	GlobalSection(ExtensibilityGlobals) = postSolution
		SolutionGuid = {034B0610-0DC1-4316-B562-A402A32A37E6}
	EndGlobalSection
EndGlobal
